
Microsoft Visual Studio Solution File, Format Version 12.00
# Visual Studio Version 17
VisualStudioVersion = 17.9.34607.119
MinimumVisualStudioVersion = 10.0.40219.1
Project("{2150E333-8FDC-42A3-9474-1A3956D46DE8}") = "01-Número Par o Impar", "01-Número Par o Impar", "{471DD5AB-B414-4B5E-A96A-6D77005B4A1B}"
EndProject
Project("{9A19103F-16F7-4668-BE54-9A1E7A4F7556}") = "IsNumberOddOrNot", "IsNumberOddOrNot\IsNumberOddOrNot.csproj", "{7FB8CBDB-A469-44F7-872D-E28FBD587944}"
EndProject
Project("{2150E333-8FDC-42A3-9474-1A3956D46DE8}") = "02-Número Mayor", "02-Número Mayor", "{A65B48D8-C576-4D26-B0D9-AA986E220AAE}"
EndProject
Project("{9A19103F-16F7-4668-BE54-9A1E7A4F7556}") = "TheGreatestNumber", "TheGreatestNumber\TheGreatestNumber.csproj", "{3837A2E1-26A1-4ECC-BCA5-5E30B99BE28C}"
EndProject
Project("{9A19103F-16F7-4668-BE54-9A1E7A4F7556}") = "Shared", "Shared\Shared.csproj", "{5728D4E9-936E-485E-8A84-A4EEB19F589F}"
EndProject
Project("{2150E333-8FDC-42A3-9474-1A3956D46DE8}") = "03-Ordenación de 3 números", "03-Ordenación de 3 números", "{C1606609-1273-49AC-89DC-75D0D6FA223E}"
EndProject
Project("{9A19103F-16F7-4668-BE54-9A1E7A4F7556}") = "OrderThreeNumbers", "OrderThreeNumbers\OrderThreeNumbers.csproj", "{AD1B0ADD-D5A6-4071-8424-F0AD6F45A562}"
EndProject
Project("{2150E333-8FDC-42A3-9474-1A3956D46DE8}") = "04-Número es múltiplo de otro", "04-Número es múltiplo de otro", "{214D2273-74DF-41F1-ADF4-94BC803DC465}"
EndProject
Project("{9A19103F-16F7-4668-BE54-9A1E7A4F7556}") = "MultipleNumber", "MultipleNumber\MultipleNumber.csproj", "{F0EE8C65-C246-41AD-93CC-514E2DB5D903}"
EndProject
Project("{2150E333-8FDC-42A3-9474-1A3956D46DE8}") = "05-Año bisiesto", "05-Año bisiesto", "{2E43D4DA-FE0A-49CE-B3EE-0AC155426C05}"
EndProject
Project("{9A19103F-16F7-4668-BE54-9A1E7A4F7556}") = "LeapYear", "LeapYear\LeapYear.csproj", "{5E734FA9-0191-4741-B7C8-9AAA81564245}"
EndProject
Project("{2150E333-8FDC-42A3-9474-1A3956D46DE8}") = "06-Nomina sencilla", "06-Nomina sencilla", "{D49FF2DA-E8B1-448B-B0FB-4FCC144430C6}"
EndProject
Project("{9A19103F-16F7-4668-BE54-9A1E7A4F7556}") = "SimplePayroll", "SimplePayroll\SimplePayroll.csproj", "{0943966C-4835-4E2F-B7C1-F45F2837EE03}"
EndProject
Project("{2150E333-8FDC-42A3-9474-1A3956D46DE8}") = "07-Descuentos", "07-Descuentos", "{DDC250B5-6665-4A4F-BC4C-CC6A27DE6420}"
EndProject
Project("{9A19103F-16F7-4668-BE54-9A1E7A4F7556}") = "Disccounts", "Disccounts\Disccounts.csproj", "{05A2B927-6825-448D-BCF2-B7DE2348598A}"
EndProject
Project("{2150E333-8FDC-42A3-9474-1A3956D46DE8}") = "08-Valor Matrícula", "08-Valor Matrícula", "{8469A03C-87A4-41C3-8946-E1BB1C284E62}"
EndProject
Project("{9A19103F-16F7-4668-BE54-9A1E7A4F7556}") = "RegistrationValue", "RegistrationValue\RegistrationValue.csproj", "{F20969DB-99C6-4B18-B325-00FB930B679F}"
EndProject
Project("{2150E333-8FDC-42A3-9474-1A3956D46DE8}") = "09-Envío de Mercancías", "09-Envío de Mercancías", "{F370FAD1-C137-4720-A16C-50AADBC9DCE0}"
EndProject
Project("{9A19103F-16F7-4668-BE54-9A1E7A4F7556}") = "Shipping", "Shipping\Shipping.csproj", "{BF3C4DEC-83E8-44C9-A81E-A615C514C12B}"
EndProject
Project("{2150E333-8FDC-42A3-9474-1A3956D46DE8}") = "10-Almacenes Suceso", "10-Almacenes Suceso", "{37D60E8A-43B8-4817-B886-B97F8CAF3599}"
EndProject
Project("{9A19103F-16F7-4668-BE54-9A1E7A4F7556}") = "SucesoStore", "SucesoStore\SucesoStore.csproj", "{0EEEF1D1-4631-480D-9718-AA4AA2758E02}"
EndProject
Project("{2150E333-8FDC-42A3-9474-1A3956D46DE8}") = "11-Empresa de Transporte", "11-Empresa de Transporte", "{0FC2D257-56BD-4870-9442-4225FF20BB48}"
EndProject
Project("{9A19103F-16F7-4668-BE54-9A1E7A4F7556}") = "TransportCompany", "TransportCompany\TransportCompany.csproj", "{B9553277-A610-4F3B-9CD0-C85626FEAE2D}"
EndProject
Project("{2150E333-8FDC-42A3-9474-1A3956D46DE8}") = "12-Serie de Numeros Sumatoria y Promedio", "12-Serie de Numeros Sumatoria y Promedio", "{B980B53F-6821-42BF-9751-949569053C54}"
EndProject
Project("{9A19103F-16F7-4668-BE54-9A1E7A4F7556}") = "NumberSeries", "NumberSeries\NumberSeries.csproj", "{0CF75EEF-CC93-4742-928C-692B9B2EDED8}"
EndProject
Project("{2150E333-8FDC-42A3-9474-1A3956D46DE8}") = "13-Factorial", "13-Factorial", "{21BC48F6-C526-4DCB-AD37-A5424E6DAC19}"
EndProject
Project("{9A19103F-16F7-4668-BE54-9A1E7A4F7556}") = "Factorial", "Factorial\Factorial.csproj", "{393007E1-A0AE-44AD-B445-8F023EEC4663}"
EndProject
Project("{2150E333-8FDC-42A3-9474-1A3956D46DE8}") = "14-Serie de Taylor", "14-Serie de Taylor", "{7A82A53C-8D95-4140-9359-5E0769CC8EFA}"
EndProject
Project("{9A19103F-16F7-4668-BE54-9A1E7A4F7556}") = "Taylor", "Taylor\Taylor.csproj", "{7B310679-2A07-45D7-B21E-869FC7580D41}"
EndProject
Project("{2150E333-8FDC-42A3-9474-1A3956D46DE8}") = "15-Serie de Taylor modificada", "15-Serie de Taylor modificada", "{81BC5494-A2EE-4B4F-8BC4-1A3CA3E6B6CA}"
EndProject
Project("{9A19103F-16F7-4668-BE54-9A1E7A4F7556}") = "TaylorModif", "TaylorModif\TaylorModif.csproj", "{9B5C139D-AB40-44F3-AC6D-AFF9A27B1090}"
EndProject
Project("{2150E333-8FDC-42A3-9474-1A3956D46DE8}") = "16-Ecuaciones Cuadraticas", "16-Ecuaciones Cuadraticas", "{C0AF45B8-63EC-47C2-976D-CF07731BAAC3}"
EndProject
Project("{9A19103F-16F7-4668-BE54-9A1E7A4F7556}") = "QuadraticEquation", "QuadraticEquation\QuadraticEquation.csproj", "{D2A02B6F-464C-4B11-8C20-C1DEF09BA2F6}"
EndProject
Project("{2150E333-8FDC-42A3-9474-1A3956D46DE8}") = "17-Serie Fibonacci", "17-Serie Fibonacci", "{533CEB66-1902-4F56-B0B4-5481C785DA0C}"
EndProject
Project("{9A19103F-16F7-4668-BE54-9A1E7A4F7556}") = "Fibonacci", "Fibonacci\Fibonacci.csproj", "{20C7B7A1-AE6A-43A2-995E-5272F27510EF}"
EndProject
Project("{2150E333-8FDC-42A3-9474-1A3956D46DE8}") = "21-Numero e", "21-Numero e", "{4014DC08-204D-44DD-BC70-F0B8E5A9324C}"
EndProject
Project("{FAE04EC0-301F-11D3-BF4B-00C04F79EFBC}") = "ENumber", "ENumber\ENumber.csproj", "{60C682AA-308C-4DBF-B9D8-CB99A3928864}"
EndProject
Project("{2150E333-8FDC-42A3-9474-1A3956D46DE8}") = "22-Número Pi", "22-Número Pi", "{53F07962-41E6-4409-A0DA-45B822A82F0D}"
EndProject
Project("{FAE04EC0-301F-11D3-BF4B-00C04F79EFBC}") = "PiNumber", "PiNumber\PiNumber.csproj", "{A9528FEA-598E-46F9-87BE-E4BF3412267A}"
EndProject
Project("{2150E333-8FDC-42A3-9474-1A3956D46DE8}") = "18-Serie Fibonacci modificado", "18-Serie Fibonacci modificado", "{5BA91F32-B4A6-40B0-A772-2593C549F905}"
EndProject
Project("{FAE04EC0-301F-11D3-BF4B-00C04F79EFBC}") = "FibonacciModif", "FibonacciModif\FibonacciModif.csproj", "{2F316741-F542-4FF5-BAB3-7EE649DAA84B}"
EndProject
Global
	GlobalSection(SolutionConfigurationPlatforms) = preSolution
		Debug|Any CPU = Debug|Any CPU
		Release|Any CPU = Release|Any CPU
	EndGlobalSection
	GlobalSection(ProjectConfigurationPlatforms) = postSolution
		{7FB8CBDB-A469-44F7-872D-E28FBD587944}.Debug|Any CPU.ActiveCfg = Debug|Any CPU
		{7FB8CBDB-A469-44F7-872D-E28FBD587944}.Debug|Any CPU.Build.0 = Debug|Any CPU
		{7FB8CBDB-A469-44F7-872D-E28FBD587944}.Release|Any CPU.ActiveCfg = Release|Any CPU
		{7FB8CBDB-A469-44F7-872D-E28FBD587944}.Release|Any CPU.Build.0 = Release|Any CPU
		{3837A2E1-26A1-4ECC-BCA5-5E30B99BE28C}.Debug|Any CPU.ActiveCfg = Debug|Any CPU
		{3837A2E1-26A1-4ECC-BCA5-5E30B99BE28C}.Debug|Any CPU.Build.0 = Debug|Any CPU
		{3837A2E1-26A1-4ECC-BCA5-5E30B99BE28C}.Release|Any CPU.ActiveCfg = Release|Any CPU
		{3837A2E1-26A1-4ECC-BCA5-5E30B99BE28C}.Release|Any CPU.Build.0 = Release|Any CPU
		{5728D4E9-936E-485E-8A84-A4EEB19F589F}.Debug|Any CPU.ActiveCfg = Debug|Any CPU
		{5728D4E9-936E-485E-8A84-A4EEB19F589F}.Debug|Any CPU.Build.0 = Debug|Any CPU
		{5728D4E9-936E-485E-8A84-A4EEB19F589F}.Release|Any CPU.ActiveCfg = Release|Any CPU
		{5728D4E9-936E-485E-8A84-A4EEB19F589F}.Release|Any CPU.Build.0 = Release|Any CPU
		{AD1B0ADD-D5A6-4071-8424-F0AD6F45A562}.Debug|Any CPU.ActiveCfg = Debug|Any CPU
		{AD1B0ADD-D5A6-4071-8424-F0AD6F45A562}.Debug|Any CPU.Build.0 = Debug|Any CPU
		{AD1B0ADD-D5A6-4071-8424-F0AD6F45A562}.Release|Any CPU.ActiveCfg = Release|Any CPU
		{AD1B0ADD-D5A6-4071-8424-F0AD6F45A562}.Release|Any CPU.Build.0 = Release|Any CPU
		{F0EE8C65-C246-41AD-93CC-514E2DB5D903}.Debug|Any CPU.ActiveCfg = Debug|Any CPU
		{F0EE8C65-C246-41AD-93CC-514E2DB5D903}.Debug|Any CPU.Build.0 = Debug|Any CPU
		{F0EE8C65-C246-41AD-93CC-514E2DB5D903}.Release|Any CPU.ActiveCfg = Release|Any CPU
		{F0EE8C65-C246-41AD-93CC-514E2DB5D903}.Release|Any CPU.Build.0 = Release|Any CPU
		{5E734FA9-0191-4741-B7C8-9AAA81564245}.Debug|Any CPU.ActiveCfg = Debug|Any CPU
		{5E734FA9-0191-4741-B7C8-9AAA81564245}.Debug|Any CPU.Build.0 = Debug|Any CPU
		{5E734FA9-0191-4741-B7C8-9AAA81564245}.Release|Any CPU.ActiveCfg = Release|Any CPU
		{5E734FA9-0191-4741-B7C8-9AAA81564245}.Release|Any CPU.Build.0 = Release|Any CPU
		{0943966C-4835-4E2F-B7C1-F45F2837EE03}.Debug|Any CPU.ActiveCfg = Debug|Any CPU
		{0943966C-4835-4E2F-B7C1-F45F2837EE03}.Debug|Any CPU.Build.0 = Debug|Any CPU
		{0943966C-4835-4E2F-B7C1-F45F2837EE03}.Release|Any CPU.ActiveCfg = Release|Any CPU
		{0943966C-4835-4E2F-B7C1-F45F2837EE03}.Release|Any CPU.Build.0 = Release|Any CPU
		{05A2B927-6825-448D-BCF2-B7DE2348598A}.Debug|Any CPU.ActiveCfg = Debug|Any CPU
		{05A2B927-6825-448D-BCF2-B7DE2348598A}.Debug|Any CPU.Build.0 = Debug|Any CPU
		{05A2B927-6825-448D-BCF2-B7DE2348598A}.Release|Any CPU.ActiveCfg = Release|Any CPU
		{05A2B927-6825-448D-BCF2-B7DE2348598A}.Release|Any CPU.Build.0 = Release|Any CPU
		{F20969DB-99C6-4B18-B325-00FB930B679F}.Debug|Any CPU.ActiveCfg = Debug|Any CPU
		{F20969DB-99C6-4B18-B325-00FB930B679F}.Debug|Any CPU.Build.0 = Debug|Any CPU
		{F20969DB-99C6-4B18-B325-00FB930B679F}.Release|Any CPU.ActiveCfg = Release|Any CPU
		{F20969DB-99C6-4B18-B325-00FB930B679F}.Release|Any CPU.Build.0 = Release|Any CPU
		{BF3C4DEC-83E8-44C9-A81E-A615C514C12B}.Debug|Any CPU.ActiveCfg = Debug|Any CPU
		{BF3C4DEC-83E8-44C9-A81E-A615C514C12B}.Debug|Any CPU.Build.0 = Debug|Any CPU
		{BF3C4DEC-83E8-44C9-A81E-A615C514C12B}.Release|Any CPU.ActiveCfg = Release|Any CPU
		{BF3C4DEC-83E8-44C9-A81E-A615C514C12B}.Release|Any CPU.Build.0 = Release|Any CPU
		{0EEEF1D1-4631-480D-9718-AA4AA2758E02}.Debug|Any CPU.ActiveCfg = Debug|Any CPU
		{0EEEF1D1-4631-480D-9718-AA4AA2758E02}.Debug|Any CPU.Build.0 = Debug|Any CPU
		{0EEEF1D1-4631-480D-9718-AA4AA2758E02}.Release|Any CPU.ActiveCfg = Release|Any CPU
		{0EEEF1D1-4631-480D-9718-AA4AA2758E02}.Release|Any CPU.Build.0 = Release|Any CPU
		{B9553277-A610-4F3B-9CD0-C85626FEAE2D}.Debug|Any CPU.ActiveCfg = Debug|Any CPU
		{B9553277-A610-4F3B-9CD0-C85626FEAE2D}.Debug|Any CPU.Build.0 = Debug|Any CPU
		{B9553277-A610-4F3B-9CD0-C85626FEAE2D}.Release|Any CPU.ActiveCfg = Release|Any CPU
		{B9553277-A610-4F3B-9CD0-C85626FEAE2D}.Release|Any CPU.Build.0 = Release|Any CPU
		{0CF75EEF-CC93-4742-928C-692B9B2EDED8}.Debug|Any CPU.ActiveCfg = Debug|Any CPU
		{0CF75EEF-CC93-4742-928C-692B9B2EDED8}.Debug|Any CPU.Build.0 = Debug|Any CPU
		{0CF75EEF-CC93-4742-928C-692B9B2EDED8}.Release|Any CPU.ActiveCfg = Release|Any CPU
		{0CF75EEF-CC93-4742-928C-692B9B2EDED8}.Release|Any CPU.Build.0 = Release|Any CPU
		{393007E1-A0AE-44AD-B445-8F023EEC4663}.Debug|Any CPU.ActiveCfg = Debug|Any CPU
		{393007E1-A0AE-44AD-B445-8F023EEC4663}.Debug|Any CPU.Build.0 = Debug|Any CPU
		{393007E1-A0AE-44AD-B445-8F023EEC4663}.Release|Any CPU.ActiveCfg = Release|Any CPU
		{393007E1-A0AE-44AD-B445-8F023EEC4663}.Release|Any CPU.Build.0 = Release|Any CPU
		{7B310679-2A07-45D7-B21E-869FC7580D41}.Debug|Any CPU.ActiveCfg = Debug|Any CPU
		{7B310679-2A07-45D7-B21E-869FC7580D41}.Debug|Any CPU.Build.0 = Debug|Any CPU
		{7B310679-2A07-45D7-B21E-869FC7580D41}.Release|Any CPU.ActiveCfg = Release|Any CPU
		{7B310679-2A07-45D7-B21E-869FC7580D41}.Release|Any CPU.Build.0 = Release|Any CPU
		{9B5C139D-AB40-44F3-AC6D-AFF9A27B1090}.Debug|Any CPU.ActiveCfg = Debug|Any CPU
		{9B5C139D-AB40-44F3-AC6D-AFF9A27B1090}.Debug|Any CPU.Build.0 = Debug|Any CPU
		{9B5C139D-AB40-44F3-AC6D-AFF9A27B1090}.Release|Any CPU.ActiveCfg = Release|Any CPU
		{9B5C139D-AB40-44F3-AC6D-AFF9A27B1090}.Release|Any CPU.Build.0 = Release|Any CPU
		{D2A02B6F-464C-4B11-8C20-C1DEF09BA2F6}.Debug|Any CPU.ActiveCfg = Debug|Any CPU
		{D2A02B6F-464C-4B11-8C20-C1DEF09BA2F6}.Debug|Any CPU.Build.0 = Debug|Any CPU
		{D2A02B6F-464C-4B11-8C20-C1DEF09BA2F6}.Release|Any CPU.ActiveCfg = Release|Any CPU
		{D2A02B6F-464C-4B11-8C20-C1DEF09BA2F6}.Release|Any CPU.Build.0 = Release|Any CPU
		{20C7B7A1-AE6A-43A2-995E-5272F27510EF}.Debug|Any CPU.ActiveCfg = Debug|Any CPU
		{20C7B7A1-AE6A-43A2-995E-5272F27510EF}.Debug|Any CPU.Build.0 = Debug|Any CPU
		{20C7B7A1-AE6A-43A2-995E-5272F27510EF}.Release|Any CPU.ActiveCfg = Release|Any CPU
		{20C7B7A1-AE6A-43A2-995E-5272F27510EF}.Release|Any CPU.Build.0 = Release|Any CPU
		{60C682AA-308C-4DBF-B9D8-CB99A3928864}.Debug|Any CPU.ActiveCfg = Debug|Any CPU
		{60C682AA-308C-4DBF-B9D8-CB99A3928864}.Debug|Any CPU.Build.0 = Debug|Any CPU
		{60C682AA-308C-4DBF-B9D8-CB99A3928864}.Release|Any CPU.ActiveCfg = Release|Any CPU
		{60C682AA-308C-4DBF-B9D8-CB99A3928864}.Release|Any CPU.Build.0 = Release|Any CPU
		{A9528FEA-598E-46F9-87BE-E4BF3412267A}.Debug|Any CPU.ActiveCfg = Debug|Any CPU
		{A9528FEA-598E-46F9-87BE-E4BF3412267A}.Debug|Any CPU.Build.0 = Debug|Any CPU
		{A9528FEA-598E-46F9-87BE-E4BF3412267A}.Release|Any CPU.ActiveCfg = Release|Any CPU
		{A9528FEA-598E-46F9-87BE-E4BF3412267A}.Release|Any CPU.Build.0 = Release|Any CPU
		{2F316741-F542-4FF5-BAB3-7EE649DAA84B}.Debug|Any CPU.ActiveCfg = Debug|Any CPU
		{2F316741-F542-4FF5-BAB3-7EE649DAA84B}.Debug|Any CPU.Build.0 = Debug|Any CPU
		{2F316741-F542-4FF5-BAB3-7EE649DAA84B}.Release|Any CPU.ActiveCfg = Release|Any CPU
		{2F316741-F542-4FF5-BAB3-7EE649DAA84B}.Release|Any CPU.Build.0 = Release|Any CPU
	EndGlobalSection
	GlobalSection(SolutionProperties) = preSolution
		HideSolutionNode = FALSE
	EndGlobalSection
	GlobalSection(NestedProjects) = preSolution
		{7FB8CBDB-A469-44F7-872D-E28FBD587944} = {471DD5AB-B414-4B5E-A96A-6D77005B4A1B}
		{3837A2E1-26A1-4ECC-BCA5-5E30B99BE28C} = {A65B48D8-C576-4D26-B0D9-AA986E220AAE}
		{AD1B0ADD-D5A6-4071-8424-F0AD6F45A562} = {C1606609-1273-49AC-89DC-75D0D6FA223E}
		{F0EE8C65-C246-41AD-93CC-514E2DB5D903} = {214D2273-74DF-41F1-ADF4-94BC803DC465}
		{5E734FA9-0191-4741-B7C8-9AAA81564245} = {2E43D4DA-FE0A-49CE-B3EE-0AC155426C05}
		{0943966C-4835-4E2F-B7C1-F45F2837EE03} = {D49FF2DA-E8B1-448B-B0FB-4FCC144430C6}
		{05A2B927-6825-448D-BCF2-B7DE2348598A} = {DDC250B5-6665-4A4F-BC4C-CC6A27DE6420}
		{F20969DB-99C6-4B18-B325-00FB930B679F} = {8469A03C-87A4-41C3-8946-E1BB1C284E62}
		{BF3C4DEC-83E8-44C9-A81E-A615C514C12B} = {F370FAD1-C137-4720-A16C-50AADBC9DCE0}
		{0EEEF1D1-4631-480D-9718-AA4AA2758E02} = {37D60E8A-43B8-4817-B886-B97F8CAF3599}
		{B9553277-A610-4F3B-9CD0-C85626FEAE2D} = {0FC2D257-56BD-4870-9442-4225FF20BB48}
		{0CF75EEF-CC93-4742-928C-692B9B2EDED8} = {B980B53F-6821-42BF-9751-949569053C54}
		{393007E1-A0AE-44AD-B445-8F023EEC4663} = {21BC48F6-C526-4DCB-AD37-A5424E6DAC19}
		{7B310679-2A07-45D7-B21E-869FC7580D41} = {7A82A53C-8D95-4140-9359-5E0769CC8EFA}
		{9B5C139D-AB40-44F3-AC6D-AFF9A27B1090} = {81BC5494-A2EE-4B4F-8BC4-1A3CA3E6B6CA}
		{D2A02B6F-464C-4B11-8C20-C1DEF09BA2F6} = {C0AF45B8-63EC-47C2-976D-CF07731BAAC3}
		{20C7B7A1-AE6A-43A2-995E-5272F27510EF} = {533CEB66-1902-4F56-B0B4-5481C785DA0C}
		{60C682AA-308C-4DBF-B9D8-CB99A3928864} = {4014DC08-204D-44DD-BC70-F0B8E5A9324C}
		{A9528FEA-598E-46F9-87BE-E4BF3412267A} = {53F07962-41E6-4409-A0DA-45B822A82F0D}
		{2F316741-F542-4FF5-BAB3-7EE649DAA84B} = {5BA91F32-B4A6-40B0-A772-2593C549F905}
	EndGlobalSection
	GlobalSection(ExtensibilityGlobals) = postSolution
		SolutionGuid = {421FD8CF-CC8E-4421-8367-4466B3DD4DF9}
	EndGlobalSection
EndGlobal
